
Microsoft Visual Studio Solution File, Format Version 12.00
Project("{FAE04EC0-301F-11D3-BF4B-00C04F79EFBC}") = "PsychicDryadsPatch", "Source\PsychicDryadsPatch.csproj", "{819C818D-A289-4203-98EB-26280859B92B}"
EndProject
Global
	GlobalSection(SolutionConfigurationPlatforms) = preSolution
		Debug|Any CPU = Debug|Any CPU
		Release|Any CPU = Release|Any CPU
	EndGlobalSection
	GlobalSection(ProjectConfigurationPlatforms) = postSolution
		{819C818D-A289-4203-98EB-26280859B92B}.Debug|Any CPU.ActiveCfg = Debug|Any CPU
		{819C818D-A289-4203-98EB-26280859B92B}.Debug|Any CPU.Build.0 = Debug|Any CPU
		{819C818D-A289-4203-98EB-26280859B92B}.Release|Any CPU.ActiveCfg = Release|Any CPU
		{819C818D-A289-4203-98EB-26280859B92B}.Release|Any CPU.Build.0 = Release|Any CPU
	EndGlobalSection
EndGlobal
